// !$*UTF8*$!
{
	archiveVersion = 1;
	classes = {
	};
	objectVersion = 46;
	objects = {

/* Begin PBXBuildFile section */
		08C1ADEE1B7EFC520021C30D /* AppDelegate.swift in Sources */ = {isa = PBXBuildFile; fileRef = 08C1ADED1B7EFC520021C30D /* AppDelegate.swift */; };
		08C1ADF01B7EFC520021C30D /* art.scnassets in Resources */ = {isa = PBXBuildFile; fileRef = 08C1ADEF1B7EFC520021C30D /* art.scnassets */; };
		08C1ADF21B7EFC520021C30D /* GameViewController.swift in Sources */ = {isa = PBXBuildFile; fileRef = 08C1ADF11B7EFC520021C30D /* GameViewController.swift */; };
		08C1ADF51B7EFC520021C30D /* Main.storyboard in Resources */ = {isa = PBXBuildFile; fileRef = 08C1ADF31B7EFC520021C30D /* Main.storyboard */; };
		08C1ADF71B7EFC520021C30D /* Images.xcassets in Resources */ = {isa = PBXBuildFile; fileRef = 08C1ADF61B7EFC520021C30D /* Images.xcassets */; };
		08C1ADFA1B7EFC520021C30D /* LaunchScreen.xib in Resources */ = {isa = PBXBuildFile; fileRef = 08C1ADF81B7EFC520021C30D /* LaunchScreen.xib */; };
		08C1AE061B7EFC520021C30D /* EuchreTests.swift in Sources */ = {isa = PBXBuildFile; fileRef = 08C1AE051B7EFC520021C30D /* EuchreTests.swift */; };
/* End PBXBuildFile section */

/* Begin PBXContainerItemProxy section */
		08C1AE001B7EFC520021C30D /* PBXContainerItemProxy */ = {
			isa = PBXContainerItemProxy;
			containerPortal = 08C1ADE01B7EFC520021C30D /* Project object */;
			proxyType = 1;
			remoteGlobalIDString = 08C1ADE71B7EFC520021C30D;
			remoteInfo = Euchre;
		};
/* End PBXContainerItemProxy section */

/* Begin PBXFileReference section */
		08C1ADE81B7EFC520021C30D /* Euchre.app */ = {isa = PBXFileReference; explicitFileType = wrapper.application; includeInIndex = 0; path = Euchre.app; sourceTree = BUILT_PRODUCTS_DIR; };
		08C1ADEC1B7EFC520021C30D /* Info.plist */ = {isa = PBXFileReference; lastKnownFileType = text.plist.xml; path = Info.plist; sourceTree = "<group>"; };
		08C1ADED1B7EFC520021C30D /* AppDelegate.swift */ = {isa = PBXFileReference; lastKnownFileType = sourcecode.swift; path = AppDelegate.swift; sourceTree = "<group>"; };
		08C1ADEF1B7EFC520021C30D /* art.scnassets */ = {isa = PBXFileReference; lastKnownFileType = wrapper.scnassets; path = art.scnassets; sourceTree = "<group>"; };
		08C1ADF11B7EFC520021C30D /* GameViewController.swift */ = {isa = PBXFileReference; lastKnownFileType = sourcecode.swift; path = GameViewController.swift; sourceTree = "<group>"; };
		08C1ADF41B7EFC520021C30D /* Base */ = {isa = PBXFileReference; lastKnownFileType = file.storyboard; name = Base; path = Base.lproj/Main.storyboard; sourceTree = "<group>"; };
		08C1ADF61B7EFC520021C30D /* Images.xcassets */ = {isa = PBXFileReference; lastKnownFileType = folder.assetcatalog; path = Images.xcassets; sourceTree = "<group>"; };
		08C1ADF91B7EFC520021C30D /* Base */ = {isa = PBXFileReference; lastKnownFileType = file.xib; name = Base; path = Base.lproj/LaunchScreen.xib; sourceTree = "<group>"; };
		08C1ADFF1B7EFC520021C30D /* EuchreTests.xctest */ = {isa = PBXFileReference; explicitFileType = wrapper.cfbundle; includeInIndex = 0; path = EuchreTests.xctest; sourceTree = BUILT_PRODUCTS_DIR; };
		08C1AE041B7EFC520021C30D /* Info.plist */ = {isa = PBXFileReference; lastKnownFileType = text.plist.xml; path = Info.plist; sourceTree = "<group>"; };
		08C1AE051B7EFC520021C30D /* EuchreTests.swift */ = {isa = PBXFileReference; lastKnownFileType = sourcecode.swift; path = EuchreTests.swift; sourceTree = "<group>"; };
/* End PBXFileReference section */

/* Begin PBXFrameworksBuildPhase section */
		08C1ADE51B7EFC520021C30D /* Frameworks */ = {
			isa = PBXFrameworksBuildPhase;
			buildActionMask = 2147483647;
			files = (
			);
			runOnlyForDeploymentPostprocessing = 0;
		};
		08C1ADFC1B7EFC520021C30D /* Frameworks */ = {
			isa = PBXFrameworksBuildPhase;
			buildActionMask = 2147483647;
			files = (
			);
			runOnlyForDeploymentPostprocessing = 0;
		};
/* End PBXFrameworksBuildPhase section */

/* Begin PBXGroup section */
		08C1ADDF1B7EFC520021C30D = {
			isa = PBXGroup;
			children = (
				08C1ADEA1B7EFC520021C30D /* Euchre */,
				08C1AE021B7EFC520021C30D /* EuchreTests */,
				08C1ADE91B7EFC520021C30D /* Products */,
			);
			sourceTree = "<group>";
		};
		08C1ADE91B7EFC520021C30D /* Products */ = {
			isa = PBXGroup;
			children = (
				08C1ADE81B7EFC520021C30D /* Euchre.app */,
				08C1ADFF1B7EFC520021C30D /* EuchreTests.xctest */,
			);
			name = Products;
			sourceTree = "<group>";
		};
		08C1ADEA1B7EFC520021C30D /* Euchre */ = {
			isa = PBXGroup;
			children = (
				08C1ADED1B7EFC520021C30D /* AppDelegate.swift */,
				08C1ADEF1B7EFC520021C30D /* art.scnassets */,
				08C1ADF11B7EFC520021C30D /* GameViewController.swift */,
				08C1ADF31B7EFC520021C30D /* Main.storyboard */,
				08C1ADF61B7EFC520021C30D /* Images.xcassets */,
				08C1ADF81B7EFC520021C30D /* LaunchScreen.xib */,
				08C1ADEB1B7EFC520021C30D /* Supporting Files */,
			);
			path = Euchre;
			sourceTree = "<group>";
		};
		08C1ADEB1B7EFC520021C30D /* Supporting Files */ = {
			isa = PBXGroup;
			children = (
				08C1ADEC1B7EFC520021C30D /* Info.plist */,
			);
			name = "Supporting Files";
			sourceTree = "<group>";
		};
		08C1AE021B7EFC520021C30D /* EuchreTests */ = {
			isa = PBXGroup;
			children = (
				08C1AE051B7EFC520021C30D /* EuchreTests.swift */,
				08C1AE031B7EFC520021C30D /* Supporting Files */,
			);
			path = EuchreTests;
			sourceTree = "<group>";
		};
		08C1AE031B7EFC520021C30D /* Supporting Files */ = {
			isa = PBXGroup;
			children = (
				08C1AE041B7EFC520021C30D /* Info.plist */,
			);
			name = "Supporting Files";
			sourceTree = "<group>";
		};
/* End PBXGroup section */

/* Begin PBXNativeTarget section */
		08C1ADE71B7EFC520021C30D /* Euchre */ = {
			isa = PBXNativeTarget;
			buildConfigurationList = 08C1AE091B7EFC520021C30D /* Build configuration list for PBXNativeTarget "Euchre" */;
			buildPhases = (
				08C1ADE41B7EFC520021C30D /* Sources */,
				08C1ADE51B7EFC520021C30D /* Frameworks */,
				08C1ADE61B7EFC520021C30D /* Resources */,
			);
			buildRules = (
			);
			dependencies = (
			);
			name = Euchre;
			productName = Euchre;
			productReference = 08C1ADE81B7EFC520021C30D /* Euchre.app */;
			productType = "com.apple.product-type.application";
		};
		08C1ADFE1B7EFC520021C30D /* EuchreTests */ = {
			isa = PBXNativeTarget;
			buildConfigurationList = 08C1AE0C1B7EFC520021C30D /* Build configuration list for PBXNativeTarget "EuchreTests" */;
			buildPhases = (
				08C1ADFB1B7EFC520021C30D /* Sources */,
				08C1ADFC1B7EFC520021C30D /* Frameworks */,
				08C1ADFD1B7EFC520021C30D /* Resources */,
			);
			buildRules = (
			);
			dependencies = (
				08C1AE011B7EFC520021C30D /* PBXTargetDependency */,
			);
			name = EuchreTests;
			productName = EuchreTests;
			productReference = 08C1ADFF1B7EFC520021C30D /* EuchreTests.xctest */;
			productType = "com.apple.product-type.bundle.unit-test";
		};
/* End PBXNativeTarget section */

/* Begin PBXProject section */
		08C1ADE01B7EFC520021C30D /* Project object */ = {
			isa = PBXProject;
			attributes = {
				LastUpgradeCheck = 0640;
				ORGANIZATIONNAME = Seperatists;
				TargetAttributes = {
					08C1ADE71B7EFC520021C30D = {
						CreatedOnToolsVersion = 6.4;
					};
					08C1ADFE1B7EFC520021C30D = {
						CreatedOnToolsVersion = 6.4;
						TestTargetID = 08C1ADE71B7EFC520021C30D;
					};
				};
			};
			buildConfigurationList = 08C1ADE31B7EFC520021C30D /* Build configuration list for PBXProject "Euchre" */;
			compatibilityVersion = "Xcode 3.2";
			developmentRegion = English;
			hasScannedForEncodings = 0;
			knownRegions = (
				en,
				Base,
			);
			mainGroup = 08C1ADDF1B7EFC520021C30D;
			productRefGroup = 08C1ADE91B7EFC520021C30D /* Products */;
			projectDirPath = "";
			projectRoot = "";
			targets = (
				08C1ADE71B7EFC520021C30D /* Euchre */,
				08C1ADFE1B7EFC520021C30D /* EuchreTests */,
			);
		};
/* End PBXProject section */

/* Begin PBXResourcesBuildPhase section */
		08C1ADE61B7EFC520021C30D /* Resources */ = {
			isa = PBXResourcesBuildPhase;
			buildActionMask = 2147483647;
			files = (
				08C1ADFA1B7EFC520021C30D /* LaunchScreen.xib in Resources */,
				08C1ADF71B7EFC520021C30D /* Images.xcassets in Resources */,
				08C1ADF01B7EFC520021C30D /* art.scnassets in Resources */,
				08C1ADF51B7EFC520021C30D /* Main.storyboard in Resources */,
			);
			runOnlyForDeploymentPostprocessing = 0;
		};
		08C1ADFD1B7EFC520021C30D /* Resources */ = {
			isa = PBXResourcesBuildPhase;
			buildActionMask = 2147483647;
			files = (
			);
			runOnlyForDeploymentPostprocessing = 0;
		};
/* End PBXResourcesBuildPhase section */

/* Begin PBXSourcesBuildPhase section */
		08C1ADE41B7EFC520021C30D /* Sources */ = {
			isa = PBXSourcesBuildPhase;
			buildActionMask = 2147483647;
			files = (
				08C1ADF21B7EFC520021C30D /* GameViewController.swift in Sources */,
				08C1ADEE1B7EFC520021C30D /* AppDelegate.swift in Sources */,
			);
			runOnlyForDeploymentPostprocessing = 0;
		};
		08C1ADFB1B7EFC520021C30D /* Sources */ = {
			isa = PBXSourcesBuildPhase;
			buildActionMask = 2147483647;
			files = (
				08C1AE061B7EFC520021C30D /* EuchreTests.swift in Sources */,
			);
			runOnlyForDeploymentPostprocessing = 0;
		};
/* End PBXSourcesBuildPhase section */

/* Begin PBXTargetDependency section */
		08C1AE011B7EFC520021C30D /* PBXTargetDependency */ = {
			isa = PBXTargetDependency;
			target = 08C1ADE71B7EFC520021C30D /* Euchre */;
			targetProxy = 08C1AE001B7EFC520021C30D /* PBXContainerItemProxy */;
		};
/* End PBXTargetDependency section */

/* Begin PBXVariantGroup section */
		08C1ADF31B7EFC520021C30D /* Main.storyboard */ = {
			isa = PBXVariantGroup;
			children = (
				08C1ADF41B7EFC520021C30D /* Base */,
			);
			name = Main.storyboard;
			sourceTree = "<group>";
		};
		08C1ADF81B7EFC520021C30D /* LaunchScreen.xib */ = {
			isa = PBXVariantGroup;
			children = (
				08C1ADF91B7EFC520021C30D /* Base */,
			);
			name = LaunchScreen.xib;
			sourceTree = "<group>";
		};
/* End PBXVariantGroup section */

/* Begin XCBuildConfiguration section */
		08C1AE071B7EFC520021C30D /* Debug */ = {
			isa = XCBuildConfiguration;
			buildSettings = {
				ALWAYS_SEARCH_USER_PATHS = NO;
				CLANG_CXX_LANGUAGE_STANDARD = "gnu++0x";
				CLANG_CXX_LIBRARY = "libc++";
				CLANG_ENABLE_MODULES = YES;
				CLANG_ENABLE_OBJC_ARC = YES;
				CLANG_WARN_BOOL_CONVERSION = YES;
				CLANG_WARN_CONSTANT_CONVERSION = YES;
				CLANG_WARN_DIRECT_OBJC_ISA_USAGE = YES_ERROR;
				CLANG_WARN_EMPTY_BODY = YES;
				CLANG_WARN_ENUM_CONVERSION = YES;
				CLANG_WARN_INT_CONVERSION = YES;
				CLANG_WARN_OBJC_ROOT_CLASS = YES_ERROR;
				CLANG_WARN_UNREACHABLE_CODE = YES;
				CLANG_WARN__DUPLICATE_METHOD_MATCH = YES;
				"CODE_SIGN_IDENTITY[sdk=iphoneos*]" = "iPhone Developer";
				COPY_PHASE_STRIP = NO;
				DEBUG_INFORMATION_FORMAT = "dwarf-with-dsym";
				ENABLE_STRICT_OBJC_MSGSEND = YES;
				GCC_C_LANGUAGE_STANDARD = gnu99;
				GCC_DYNAMIC_NO_PIC = NO;
				GCC_NO_COMMON_BLOCKS = YES;
				GCC_OPTIMIZATION_LEVEL = 0;
				GCC_PREPROCESSOR_DEFINITIONS = (
					"DEBUG=1",
					"$(inherited)",
				);
				GCC_SYMBOLS_PRIVATE_EXTERN = NO;
				GCC_WARN_64_TO_32_BIT_CONVERSION = YES;
				GCC_WARN_ABOUT_RETURN_TYPE = YES_ERROR;
				GCC_WARN_UNDECLARED_SELECTOR = YES;
				GCC_WARN_UNINITIALIZED_AUTOS = YES_AGGRESSIVE;
				GCC_WARN_UNUSED_FUNCTION = YES;
				GCC_WARN_UNUSED_VARIABLE = YES;
				IPHONEOS_DEPLOYMENT_TARGET = 8.4;
				MTL_ENABLE_DEBUG_INFO = YES;
				ONLY_ACTIVE_ARCH = YES;
				SDKROOT = iphoneos;
				SWIFT_OPTIMIZATION_LEVEL = "-Onone";
				TARGETED_DEVICE_FAMILY = "1,2";
			};
			name = Debug;
		};
		08C1AE081B7EFC520021C30D /* Release */ = {
			isa = XCBuildConfiguration;
			buildSettings = {
				ALWAYS_SEARCH_USER_PATHS = NO;
				CLANG_CXX_LANGUAGE_STANDARD = "gnu++0x";
				CLANG_CXX_LIBRARY = "libc++";
				CLANG_ENABLE_MODULES = YES;
				CLANG_ENABLE_OBJC_ARC = YES;
				CLANG_WARN_BOOL_CONVERSION = YES;
				CLANG_WARN_CONSTANT_CONVERSION = YES;
				CLANG_WARN_DIRECT_OBJC_ISA_USAGE = YES_ERROR;
				CLANG_WARN_EMPTY_BODY = YES;
				CLANG_WARN_ENUM_CONVERSION = YES;
				CLANG_WARN_INT_CONVERSION = YES;
				CLANG_WARN_OBJC_ROOT_CLASS = YES_ERROR;
				CLANG_WARN_UNREACHABLE_CODE = YES;
				CLANG_WARN__DUPLICATE_METHOD_MATCH = YES;
				"CODE_SIGN_IDENTITY[sdk=iphoneos*]" = "iPhone Developer";
				COPY_PHASE_STRIP = NO;
				DEBUG_INFORMATION_FORMAT = "dwarf-with-dsym";
				ENABLE_NS_ASSERTIONS = NO;
				ENABLE_STRICT_OBJC_MSGSEND = YES;
				GCC_C_LANGUAGE_STANDARD = gnu99;
				GCC_NO_COMMON_BLOCKS = YES;
				GCC_WARN_64_TO_32_BIT_CONVERSION = YES;
				GCC_WARN_ABOUT_RETURN_TYPE = YES_ERROR;
				GCC_WARN_UNDECLARED_SELECTOR = YES;
				GCC_WARN_UNINITIALIZED_AUTOS = YES_AGGRESSIVE;
				GCC_WARN_UNUSED_FUNCTION = YES;
				GCC_WARN_UNUSED_VARIABLE = YES;
				IPHONEOS_DEPLOYMENT_TARGET = 8.4;
				MTL_ENABLE_DEBUG_INFO = NO;
				SDKROOT = iphoneos;
				TARGETED_DEVICE_FAMILY = "1,2";
				VALIDATE_PRODUCT = YES;
			};
			name = Release;
		};
		08C1AE0A1B7EFC520021C30D /* Debug */ = {
			isa = XCBuildConfiguration;
			buildSettings = {
				ASSETCATALOG_COMPILER_APPICON_NAME = AppIcon;
				INFOPLIST_FILE = Euchre/Info.plist;
				LD_RUNPATH_SEARCH_PATHS = "$(inherited) @executable_path/Frameworks";
				PRODUCT_NAME = "$(TARGET_NAME)";
			};
			name = Debug;
		};
		08C1AE0B1B7EFC520021C30D /* Release */ = {
			isa = XCBuildConfiguration;
			buildSettings = {
				ASSETCATALOG_COMPILER_APPICON_NAME = AppIcon;
				INFOPLIST_FILE = Euchre/Info.plist;
				LD_RUNPATH_SEARCH_PATHS = "$(inherited) @executable_path/Frameworks";
				PRODUCT_NAME = "$(TARGET_NAME)";
			};
			name = Release;
		};
		08C1AE0D1B7EFC520021C30D /* Debug */ = {
			isa = XCBuildConfiguration;
			buildSettings = {
				BUNDLE_LOADER = "$(TEST_HOST)";
				FRAMEWORK_SEARCH_PATHS = (
					"$(SDKROOT)/Developer/Library/Frameworks",
					"$(inherited)",
				);
				GCC_PREPROCESSOR_DEFINITIONS = (
					"DEBUG=1",
					"$(inherited)",
				);
				INFOPLIST_FILE = EuchreTests/Info.plist;
				LD_RUNPATH_SEARCH_PATHS = "$(inherited) @executable_path/Frameworks @loader_path/Frameworks";
				PRODUCT_NAME = "$(TARGET_NAME)";
				TEST_HOST = "$(BUILT_PRODUCTS_DIR)/Euchre.app/Euchre";
			};
			name = Debug;
		};
		08C1AE0E1B7EFC520021C30D /* Release */ = {
			isa = XCBuildConfiguration;
			buildSettings = {
				BUNDLE_LOADER = "$(TEST_HOST)";
				FRAMEWORK_SEARCH_PATHS = (
					"$(SDKROOT)/Developer/Library/Frameworks",
					"$(inherited)",
				);
				INFOPLIST_FILE = EuchreTests/Info.plist;
				LD_RUNPATH_SEARCH_PATHS = "$(inherited) @executable_path/Frameworks @loader_path/Frameworks";
				PRODUCT_NAME = "$(TARGET_NAME)";
				TEST_HOST = "$(BUILT_PRODUCTS_DIR)/Euchre.app/Euchre";
			};
			name = Release;
		};
/* End XCBuildConfiguration section */

/* Begin XCConfigurationList section */
		08C1ADE31B7EFC520021C30D /* Build configuration list for PBXProject "Euchre" */ = {
			isa = XCConfigurationList;
			buildConfigurations = (
				08C1AE071B7EFC520021C30D /* Debug */,
				08C1AE081B7EFC520021C30D /* Release */,
			);
			defaultConfigurationIsVisible = 0;
			defaultConfigurationName = Release;
		};
		08C1AE091B7EFC520021C30D /* Build configuration list for PBXNativeTarget "Euchre" */ = {
			isa = XCConfigurationList;
			buildConfigurations = (
				08C1AE0A1B7EFC520021C30D /* Debug */,
				08C1AE0B1B7EFC520021C30D /* Release */,
			);
			defaultConfigurationIsVisible = 0;
		};
		08C1AE0C1B7EFC520021C30D /* Build configuration list for PBXNativeTarget "EuchreTests" */ = {
			isa = XCConfigurationList;
			buildConfigurations = (
				08C1AE0D1B7EFC520021C30D /* Debug */,
				08C1AE0E1B7EFC520021C30D /* Release */,
			);
			defaultConfigurationIsVisible = 0;
		};
/* End XCConfigurationList section */
	};
	rootObject = 08C1ADE01B7EFC520021C30D /* Project object */;
}
